
Microsoft Visual Studio Solution File, Format Version 12.00
# Visual Studio Version 16
VisualStudioVersion = 16.0.31911.196
MinimumVisualStudioVersion = 10.0.40219.1
Project("{9A19103F-16F7-4668-BE54-9A1E7A4F7556}") = "YouTubeDownloader.Winforms", "YouTubeDownloader.Winforms\YouTubeDownloader.Winforms.csproj", "{D3DE4AAA-545D-45D3-90EF-DAC6D7A256F9}"
EndProject
Project("{9A19103F-16F7-4668-BE54-9A1E7A4F7556}") = "YouTubeDownloader.Library", "YouTubeDownloader.Library\YouTubeDownloader.Library.csproj", "{928D4814-BE4E-4898-9E6C-0BBB5A91A8E8}"
EndProject
Project("{9A19103F-16F7-4668-BE54-9A1E7A4F7556}") = "YouTubeDownloader.RazorPages", "YouTubeDownloader.RazorPages\YouTubeDownloader.RazorPages.csproj", "{52CBD715-C620-49AA-9566-76FDFA8F1089}"
EndProject
Global
	GlobalSection(SolutionConfigurationPlatforms) = preSolution
		Debug|Any CPU = Debug|Any CPU
		Release|Any CPU = Release|Any CPU
	EndGlobalSection
	GlobalSection(ProjectConfigurationPlatforms) = postSolution
		{D3DE4AAA-545D-45D3-90EF-DAC6D7A256F9}.Debug|Any CPU.ActiveCfg = Debug|Any CPU
		{D3DE4AAA-545D-45D3-90EF-DAC6D7A256F9}.Debug|Any CPU.Build.0 = Debug|Any CPU
		{D3DE4AAA-545D-45D3-90EF-DAC6D7A256F9}.Release|Any CPU.ActiveCfg = Release|Any CPU
		{D3DE4AAA-545D-45D3-90EF-DAC6D7A256F9}.Release|Any CPU.Build.0 = Release|Any CPU
		{928D4814-BE4E-4898-9E6C-0BBB5A91A8E8}.Debug|Any CPU.ActiveCfg = Debug|Any CPU
		{928D4814-BE4E-4898-9E6C-0BBB5A91A8E8}.Debug|Any CPU.Build.0 = Debug|Any CPU
		{928D4814-BE4E-4898-9E6C-0BBB5A91A8E8}.Release|Any CPU.ActiveCfg = Release|Any CPU
		{928D4814-BE4E-4898-9E6C-0BBB5A91A8E8}.Release|Any CPU.Build.0 = Release|Any CPU
		{52CBD715-C620-49AA-9566-76FDFA8F1089}.Debug|Any CPU.ActiveCfg = Debug|Any CPU
		{52CBD715-C620-49AA-9566-76FDFA8F1089}.Debug|Any CPU.Build.0 = Debug|Any CPU
		{52CBD715-C620-49AA-9566-76FDFA8F1089}.Release|Any CPU.ActiveCfg = Release|Any CPU
		{52CBD715-C620-49AA-9566-76FDFA8F1089}.Release|Any CPU.Build.0 = Release|Any CPU
	EndGlobalSection
	GlobalSection(SolutionProperties) = preSolution
		HideSolutionNode = FALSE
	EndGlobalSection
	GlobalSection(ExtensibilityGlobals) = postSolution
		SolutionGuid = {9EAAA7A9-71CB-4271-B9B0-154A8C3801FA}
	EndGlobalSection
EndGlobal
